
Microsoft Visual Studio Solution File, Format Version 12.00
# Visual Studio Version 16
VisualStudioVersion = 16.0.31911.196
MinimumVisualStudioVersion = 10.0.40219.1
Project("{FAE04EC0-301F-11D3-BF4B-00C04F79EFBC}") = "G20_WEB_ADMIN", "G20_WEB_ADMIN\G20_WEB_ADMIN.csproj", "{15FF8B49-2112-4B3A-B553-ACBB9BB95FE6}"
EndProject
Project("{FAE04EC0-301F-11D3-BF4B-00C04F79EFBC}") = "G20_WEB_API", "G20_WEB_API\G20_WEB_API.csproj", "{12376FE7-208D-4EDF-A72C-03C783838145}"
EndProject
Global
	GlobalSection(SolutionConfigurationPlatforms) = preSolution
		Debug|Any CPU = Debug|Any CPU
		Release|Any CPU = Release|Any CPU
	EndGlobalSection
	GlobalSection(ProjectConfigurationPlatforms) = postSolution
		{15FF8B49-2112-4B3A-B553-ACBB9BB95FE6}.Debug|Any CPU.ActiveCfg = Debug|Any CPU
		{15FF8B49-2112-4B3A-B553-ACBB9BB95FE6}.Debug|Any CPU.Build.0 = Debug|Any CPU
		{15FF8B49-2112-4B3A-B553-ACBB9BB95FE6}.Release|Any CPU.ActiveCfg = Release|Any CPU
		{15FF8B49-2112-4B3A-B553-ACBB9BB95FE6}.Release|Any CPU.Build.0 = Release|Any CPU
		{12376FE7-208D-4EDF-A72C-03C783838145}.Debug|Any CPU.ActiveCfg = Debug|Any CPU
		{12376FE7-208D-4EDF-A72C-03C783838145}.Debug|Any CPU.Build.0 = Debug|Any CPU
		{12376FE7-208D-4EDF-A72C-03C783838145}.Release|Any CPU.ActiveCfg = Release|Any CPU
		{12376FE7-208D-4EDF-A72C-03C783838145}.Release|Any CPU.Build.0 = Release|Any CPU
	EndGlobalSection
	GlobalSection(SolutionProperties) = preSolution
		HideSolutionNode = FALSE
	EndGlobalSection
	GlobalSection(ExtensibilityGlobals) = postSolution
		SolutionGuid = {AA208B8D-7B58-4384-B7E0-9D9B3A98BE81}
	EndGlobalSection
EndGlobal
